
Microsoft Visual Studio Solution File, Format Version 12.00
# Visual Studio Version 17
VisualStudioVersion = 17.11.35222.181
MinimumVisualStudioVersion = 10.0.40219.1
Project("{8BC9CEB8-8B4A-11D0-8D11-00A0C91BC942}") = "Mordern", "Mordern\Mordern.vcxproj", "{4A61F46F-B60C-417E-ACE6-3F0A3BC2D60B}"
EndProject
Project("{8BC9CEB8-8B4A-11D0-8D11-00A0C91BC942}") = "Mordern2", "Mordern2\Mordern2.vcxproj", "{0E1F6C76-EDE2-4A24-BA39-299A3FF30879}"
EndProject
Global
	GlobalSection(SolutionConfigurationPlatforms) = preSolution
		Debug|x64 = Debug|x64
		Debug|x86 = Debug|x86
		Release|x64 = Release|x64
		Release|x86 = Release|x86
	EndGlobalSection
	GlobalSection(ProjectConfigurationPlatforms) = postSolution
		{4A61F46F-B60C-417E-ACE6-3F0A3BC2D60B}.Debug|x64.ActiveCfg = Debug|x64
		{4A61F46F-B60C-417E-ACE6-3F0A3BC2D60B}.Debug|x64.Build.0 = Debug|x64
		{4A61F46F-B60C-417E-ACE6-3F0A3BC2D60B}.Debug|x86.ActiveCfg = Debug|Win32
		{4A61F46F-B60C-417E-ACE6-3F0A3BC2D60B}.Debug|x86.Build.0 = Debug|Win32
		{4A61F46F-B60C-417E-ACE6-3F0A3BC2D60B}.Release|x64.ActiveCfg = Release|x64
		{4A61F46F-B60C-417E-ACE6-3F0A3BC2D60B}.Release|x64.Build.0 = Release|x64
		{4A61F46F-B60C-417E-ACE6-3F0A3BC2D60B}.Release|x86.ActiveCfg = Release|Win32
		{4A61F46F-B60C-417E-ACE6-3F0A3BC2D60B}.Release|x86.Build.0 = Release|Win32
		{0E1F6C76-EDE2-4A24-BA39-299A3FF30879}.Debug|x64.ActiveCfg = Debug|x64
		{0E1F6C76-EDE2-4A24-BA39-299A3FF30879}.Debug|x64.Build.0 = Debug|x64
		{0E1F6C76-EDE2-4A24-BA39-299A3FF30879}.Debug|x86.ActiveCfg = Debug|Win32
		{0E1F6C76-EDE2-4A24-BA39-299A3FF30879}.Debug|x86.Build.0 = Debug|Win32
		{0E1F6C76-EDE2-4A24-BA39-299A3FF30879}.Release|x64.ActiveCfg = Release|x64
		{0E1F6C76-EDE2-4A24-BA39-299A3FF30879}.Release|x64.Build.0 = Release|x64
		{0E1F6C76-EDE2-4A24-BA39-299A3FF30879}.Release|x86.ActiveCfg = Release|Win32
		{0E1F6C76-EDE2-4A24-BA39-299A3FF30879}.Release|x86.Build.0 = Release|Win32
	EndGlobalSection
	GlobalSection(SolutionProperties) = preSolution
		HideSolutionNode = FALSE
	EndGlobalSection
	GlobalSection(ExtensibilityGlobals) = postSolution
		SolutionGuid = {8749CB09-10B9-41EA-81F5-8B186AB74D71}
	EndGlobalSection
EndGlobal
