
Microsoft Visual Studio Solution File, Format Version 12.00
# Visual Studio Version 17
VisualStudioVersion = 17.11.35222.181
MinimumVisualStudioVersion = 10.0.40219.1
Project("{8BC9CEB8-8B4A-11D0-8D11-00A0C91BC942}") = "240923_Homework5", "240923_Homework5\240923_Homework5.vcxproj", "{573570DD-A893-4B6E-BB3E-2E667943F304}"
EndProject
Global
	GlobalSection(SolutionConfigurationPlatforms) = preSolution
		Debug|x64 = Debug|x64
		Debug|x86 = Debug|x86
		Release|x64 = Release|x64
		Release|x86 = Release|x86
	EndGlobalSection
	GlobalSection(ProjectConfigurationPlatforms) = postSolution
		{573570DD-A893-4B6E-BB3E-2E667943F304}.Debug|x64.ActiveCfg = Debug|x64
		{573570DD-A893-4B6E-BB3E-2E667943F304}.Debug|x64.Build.0 = Debug|x64
		{573570DD-A893-4B6E-BB3E-2E667943F304}.Debug|x86.ActiveCfg = Debug|Win32
		{573570DD-A893-4B6E-BB3E-2E667943F304}.Debug|x86.Build.0 = Debug|Win32
		{573570DD-A893-4B6E-BB3E-2E667943F304}.Release|x64.ActiveCfg = Release|x64
		{573570DD-A893-4B6E-BB3E-2E667943F304}.Release|x64.Build.0 = Release|x64
		{573570DD-A893-4B6E-BB3E-2E667943F304}.Release|x86.ActiveCfg = Release|Win32
		{573570DD-A893-4B6E-BB3E-2E667943F304}.Release|x86.Build.0 = Release|Win32
	EndGlobalSection
	GlobalSection(SolutionProperties) = preSolution
		HideSolutionNode = FALSE
	EndGlobalSection
	GlobalSection(ExtensibilityGlobals) = postSolution
		SolutionGuid = {8B3B9593-854F-4BD2-BB8E-1D49F9A20113}
	EndGlobalSection
EndGlobal
