
Microsoft Visual Studio Solution File, Format Version 12.00
# Visual Studio Version 17
VisualStudioVersion = 17.11.35222.181
MinimumVisualStudioVersion = 10.0.40219.1
Project("{8BC9CEB8-8B4A-11D0-8D11-00A0C91BC942}") = "Container", "Container\Container.vcxproj", "{941FD579-352D-45BE-B11D-D30D582D30C5}"
EndProject
Project("{8BC9CEB8-8B4A-11D0-8D11-00A0C91BC942}") = "Lotto", "Lotto\Lotto.vcxproj", "{C0BE37E1-B499-413F-9A94-ABCB0A213A8B}"
EndProject
Project("{8BC9CEB8-8B4A-11D0-8D11-00A0C91BC942}") = "List", "List\List.vcxproj", "{03E5C8AA-7342-4951-968C-C9E9971939D6}"
EndProject
Project("{8BC9CEB8-8B4A-11D0-8D11-00A0C91BC942}") = "Vector", "Vector\Vector.vcxproj", "{354887BB-9C1E-49E0-A5E6-73C806365F99}"
EndProject
Global
	GlobalSection(SolutionConfigurationPlatforms) = preSolution
		Debug|x64 = Debug|x64
		Debug|x86 = Debug|x86
		Release|x64 = Release|x64
		Release|x86 = Release|x86
	EndGlobalSection
	GlobalSection(ProjectConfigurationPlatforms) = postSolution
		{941FD579-352D-45BE-B11D-D30D582D30C5}.Debug|x64.ActiveCfg = Debug|x64
		{941FD579-352D-45BE-B11D-D30D582D30C5}.Debug|x64.Build.0 = Debug|x64
		{941FD579-352D-45BE-B11D-D30D582D30C5}.Debug|x86.ActiveCfg = Debug|Win32
		{941FD579-352D-45BE-B11D-D30D582D30C5}.Debug|x86.Build.0 = Debug|Win32
		{941FD579-352D-45BE-B11D-D30D582D30C5}.Release|x64.ActiveCfg = Release|x64
		{941FD579-352D-45BE-B11D-D30D582D30C5}.Release|x64.Build.0 = Release|x64
		{941FD579-352D-45BE-B11D-D30D582D30C5}.Release|x86.ActiveCfg = Release|Win32
		{941FD579-352D-45BE-B11D-D30D582D30C5}.Release|x86.Build.0 = Release|Win32
		{C0BE37E1-B499-413F-9A94-ABCB0A213A8B}.Debug|x64.ActiveCfg = Debug|x64
		{C0BE37E1-B499-413F-9A94-ABCB0A213A8B}.Debug|x64.Build.0 = Debug|x64
		{C0BE37E1-B499-413F-9A94-ABCB0A213A8B}.Debug|x86.ActiveCfg = Debug|Win32
		{C0BE37E1-B499-413F-9A94-ABCB0A213A8B}.Debug|x86.Build.0 = Debug|Win32
		{C0BE37E1-B499-413F-9A94-ABCB0A213A8B}.Release|x64.ActiveCfg = Release|x64
		{C0BE37E1-B499-413F-9A94-ABCB0A213A8B}.Release|x64.Build.0 = Release|x64
		{C0BE37E1-B499-413F-9A94-ABCB0A213A8B}.Release|x86.ActiveCfg = Release|Win32
		{C0BE37E1-B499-413F-9A94-ABCB0A213A8B}.Release|x86.Build.0 = Release|Win32
		{03E5C8AA-7342-4951-968C-C9E9971939D6}.Debug|x64.ActiveCfg = Debug|x64
		{03E5C8AA-7342-4951-968C-C9E9971939D6}.Debug|x64.Build.0 = Debug|x64
		{03E5C8AA-7342-4951-968C-C9E9971939D6}.Debug|x86.ActiveCfg = Debug|Win32
		{03E5C8AA-7342-4951-968C-C9E9971939D6}.Debug|x86.Build.0 = Debug|Win32
		{03E5C8AA-7342-4951-968C-C9E9971939D6}.Release|x64.ActiveCfg = Release|x64
		{03E5C8AA-7342-4951-968C-C9E9971939D6}.Release|x64.Build.0 = Release|x64
		{03E5C8AA-7342-4951-968C-C9E9971939D6}.Release|x86.ActiveCfg = Release|Win32
		{03E5C8AA-7342-4951-968C-C9E9971939D6}.Release|x86.Build.0 = Release|Win32
		{354887BB-9C1E-49E0-A5E6-73C806365F99}.Debug|x64.ActiveCfg = Debug|x64
		{354887BB-9C1E-49E0-A5E6-73C806365F99}.Debug|x64.Build.0 = Debug|x64
		{354887BB-9C1E-49E0-A5E6-73C806365F99}.Debug|x86.ActiveCfg = Debug|Win32
		{354887BB-9C1E-49E0-A5E6-73C806365F99}.Debug|x86.Build.0 = Debug|Win32
		{354887BB-9C1E-49E0-A5E6-73C806365F99}.Release|x64.ActiveCfg = Release|x64
		{354887BB-9C1E-49E0-A5E6-73C806365F99}.Release|x64.Build.0 = Release|x64
		{354887BB-9C1E-49E0-A5E6-73C806365F99}.Release|x86.ActiveCfg = Release|Win32
		{354887BB-9C1E-49E0-A5E6-73C806365F99}.Release|x86.Build.0 = Release|Win32
	EndGlobalSection
	GlobalSection(SolutionProperties) = preSolution
		HideSolutionNode = FALSE
	EndGlobalSection
	GlobalSection(ExtensibilityGlobals) = postSolution
		SolutionGuid = {7E207774-F0C4-4FA1-824C-D05EED2FF800}
	EndGlobalSection
EndGlobal
