
Microsoft Visual Studio Solution File, Format Version 12.00
# Visual Studio Version 17
VisualStudioVersion = 17.11.35222.181
MinimumVisualStudioVersion = 10.0.40219.1
Project("{8BC9CEB8-8B4A-11D0-8D11-00A0C91BC942}") = "DataType", "DataType\DataType.vcxproj", "{EB61360B-118A-44E4-885F-560306D60FD6}"
EndProject
Global
	GlobalSection(SolutionConfigurationPlatforms) = preSolution
		Debug|x64 = Debug|x64
		Debug|x86 = Debug|x86
		Release|x64 = Release|x64
		Release|x86 = Release|x86
	EndGlobalSection
	GlobalSection(ProjectConfigurationPlatforms) = postSolution
		{EB61360B-118A-44E4-885F-560306D60FD6}.Debug|x64.ActiveCfg = Debug|x64
		{EB61360B-118A-44E4-885F-560306D60FD6}.Debug|x64.Build.0 = Debug|x64
		{EB61360B-118A-44E4-885F-560306D60FD6}.Debug|x86.ActiveCfg = Debug|Win32
		{EB61360B-118A-44E4-885F-560306D60FD6}.Debug|x86.Build.0 = Debug|Win32
		{EB61360B-118A-44E4-885F-560306D60FD6}.Release|x64.ActiveCfg = Release|x64
		{EB61360B-118A-44E4-885F-560306D60FD6}.Release|x64.Build.0 = Release|x64
		{EB61360B-118A-44E4-885F-560306D60FD6}.Release|x86.ActiveCfg = Release|Win32
		{EB61360B-118A-44E4-885F-560306D60FD6}.Release|x86.Build.0 = Release|Win32
	EndGlobalSection
	GlobalSection(SolutionProperties) = preSolution
		HideSolutionNode = FALSE
	EndGlobalSection
	GlobalSection(ExtensibilityGlobals) = postSolution
		SolutionGuid = {8837B9AD-B933-415E-B9BF-FDCAAEFB7C51}
	EndGlobalSection
EndGlobal
